
Microsoft Visual Studio Solution File, Format Version 12.00
# Visual Studio 15
VisualStudioVersion = 15.0.27703.2047
MinimumVisualStudioVersion = 10.0.40219.1
Project("{FAE04EC0-301F-11D3-BF4B-00C04F79EFBC}") = "WalmartAutoSchedule", "WalmartAutoSchedule\WalmartAutoSchedule.csproj", "{60EC2864-F99D-4665-9BB1-552D5A30CAB2}"
EndProject
Project("{FAE04EC0-301F-11D3-BF4B-00C04F79EFBC}") = "WalmartAutoScheduleAndroid", "WalmartAutoScheduleAndroid\WalmartAutoScheduleAndroid.csproj", "{3BC0AC7E-3B3B-4D3F-9CC0-B2BDECC460A6}"
EndProject
Project("{9A19103F-16F7-4668-BE54-9A1E7A4F7556}") = "WMASLib", "WMASLib\WMASLib.csproj", "{6BA1807D-065B-4B73-A719-BD7BBB4AFDCC}"
EndProject
Project("{FAE04EC0-301F-11D3-BF4B-00C04F79EFBC}") = "ColorPicker", "ColorPicker\ColorPicker.csproj", "{CBEF0F74-0A30-48D7-A128-63327DFBD217}"
EndProject
Project("{FAE04EC0-301F-11D3-BF4B-00C04F79EFBC}") = "VipAccess", "VipAccess\VipAccess.csproj", "{3F92D850-B4B7-4A29-AFDE-3D15CA79213A}"
EndProject
Project("{FAE04EC0-301F-11D3-BF4B-00C04F79EFBC}") = "TestingConsoleProject", "TestingConsoleProject\TestingConsoleProject.csproj", "{6949203A-2740-4B51-AFE1-521ACCCAC53B}"
EndProject
Global
	GlobalSection(SolutionConfigurationPlatforms) = preSolution
		Debug|Any CPU = Debug|Any CPU
		Release|Any CPU = Release|Any CPU
	EndGlobalSection
	GlobalSection(ProjectConfigurationPlatforms) = postSolution
		{60EC2864-F99D-4665-9BB1-552D5A30CAB2}.Debug|Any CPU.ActiveCfg = Debug|Any CPU
		{60EC2864-F99D-4665-9BB1-552D5A30CAB2}.Debug|Any CPU.Build.0 = Debug|Any CPU
		{60EC2864-F99D-4665-9BB1-552D5A30CAB2}.Release|Any CPU.ActiveCfg = Release|Any CPU
		{60EC2864-F99D-4665-9BB1-552D5A30CAB2}.Release|Any CPU.Build.0 = Release|Any CPU
		{3BC0AC7E-3B3B-4D3F-9CC0-B2BDECC460A6}.Debug|Any CPU.ActiveCfg = Debug|Any CPU
		{3BC0AC7E-3B3B-4D3F-9CC0-B2BDECC460A6}.Debug|Any CPU.Build.0 = Debug|Any CPU
		{3BC0AC7E-3B3B-4D3F-9CC0-B2BDECC460A6}.Debug|Any CPU.Deploy.0 = Debug|Any CPU
		{3BC0AC7E-3B3B-4D3F-9CC0-B2BDECC460A6}.Release|Any CPU.ActiveCfg = Release|Any CPU
		{3BC0AC7E-3B3B-4D3F-9CC0-B2BDECC460A6}.Release|Any CPU.Build.0 = Release|Any CPU
		{3BC0AC7E-3B3B-4D3F-9CC0-B2BDECC460A6}.Release|Any CPU.Deploy.0 = Release|Any CPU
		{6BA1807D-065B-4B73-A719-BD7BBB4AFDCC}.Debug|Any CPU.ActiveCfg = Debug|Any CPU
		{6BA1807D-065B-4B73-A719-BD7BBB4AFDCC}.Debug|Any CPU.Build.0 = Debug|Any CPU
		{6BA1807D-065B-4B73-A719-BD7BBB4AFDCC}.Release|Any CPU.ActiveCfg = Release|Any CPU
		{6BA1807D-065B-4B73-A719-BD7BBB4AFDCC}.Release|Any CPU.Build.0 = Release|Any CPU
		{CBEF0F74-0A30-48D7-A128-63327DFBD217}.Debug|Any CPU.ActiveCfg = Debug|Any CPU
		{CBEF0F74-0A30-48D7-A128-63327DFBD217}.Debug|Any CPU.Build.0 = Debug|Any CPU
		{CBEF0F74-0A30-48D7-A128-63327DFBD217}.Release|Any CPU.ActiveCfg = Release|Any CPU
		{CBEF0F74-0A30-48D7-A128-63327DFBD217}.Release|Any CPU.Build.0 = Release|Any CPU
		{3F92D850-B4B7-4A29-AFDE-3D15CA79213A}.Debug|Any CPU.ActiveCfg = Debug|Any CPU
		{3F92D850-B4B7-4A29-AFDE-3D15CA79213A}.Debug|Any CPU.Build.0 = Debug|Any CPU
		{3F92D850-B4B7-4A29-AFDE-3D15CA79213A}.Release|Any CPU.ActiveCfg = Release|Any CPU
		{3F92D850-B4B7-4A29-AFDE-3D15CA79213A}.Release|Any CPU.Build.0 = Release|Any CPU
		{6949203A-2740-4B51-AFE1-521ACCCAC53B}.Debug|Any CPU.ActiveCfg = Debug|Any CPU
		{6949203A-2740-4B51-AFE1-521ACCCAC53B}.Debug|Any CPU.Build.0 = Debug|Any CPU
		{6949203A-2740-4B51-AFE1-521ACCCAC53B}.Release|Any CPU.ActiveCfg = Release|Any CPU
		{6949203A-2740-4B51-AFE1-521ACCCAC53B}.Release|Any CPU.Build.0 = Release|Any CPU
	EndGlobalSection
	GlobalSection(SolutionProperties) = preSolution
		HideSolutionNode = FALSE
	EndGlobalSection
	GlobalSection(ExtensibilityGlobals) = postSolution
		SolutionGuid = {7413589A-5A71-468A-8145-29F50F25D6DD}
	EndGlobalSection
EndGlobal
